// !$*UTF8*$!
{
	archiveVersion = 1;
	classes = {
	};
	objectVersion = 56;
	objects = {

/* Begin PBXBuildFile section */
		AB36AC0D292C06F500801F3F /* AppDelegate.swift in Sources */ = {isa = PBXBuildFile; fileRef = AB36AC0C292C06F500801F3F /* AppDelegate.swift */; };
		AB36AC0F292C06F500801F3F /* SceneDelegate.swift in Sources */ = {isa = PBXBuildFile; fileRef = AB36AC0E292C06F500801F3F /* SceneDelegate.swift */; };
		AB36AC11292C06F500801F3F /* ViewController.swift in Sources */ = {isa = PBXBuildFile; fileRef = AB36AC10292C06F500801F3F /* ViewController.swift */; };
		AB36AC14292C06F500801F3F /* Main.storyboard in Resources */ = {isa = PBXBuildFile; fileRef = AB36AC12292C06F500801F3F /* Main.storyboard */; };
		AB36AC16292C06F500801F3F /* Assets.xcassets in Resources */ = {isa = PBXBuildFile; fileRef = AB36AC15292C06F500801F3F /* Assets.xcassets */; };
		AB36AC19292C06F500801F3F /* LaunchScreen.storyboard in Resources */ = {isa = PBXBuildFile; fileRef = AB36AC17292C06F500801F3F /* LaunchScreen.storyboard */; };
		AB36AC24292C06F600801F3F /* SqliteDemoTests.swift in Sources */ = {isa = PBXBuildFile; fileRef = AB36AC23292C06F600801F3F /* SqliteDemoTests.swift */; };
		AB36AC2E292C06F600801F3F /* SqliteDemoUITests.swift in Sources */ = {isa = PBXBuildFile; fileRef = AB36AC2D292C06F600801F3F /* SqliteDemoUITests.swift */; };
		AB36AC30292C06F600801F3F /* SqliteDemoUITestsLaunchTests.swift in Sources */ = {isa = PBXBuildFile; fileRef = AB36AC2F292C06F600801F3F /* SqliteDemoUITestsLaunchTests.swift */; };
		AB36AC49292C0B0800801F3F /* AddStudentViewController.swift in Sources */ = {isa = PBXBuildFile; fileRef = AB36AC48292C0B0800801F3F /* AddStudentViewController.swift */; };
		AB36AC4C292C0E1100801F3F /* StudentCell.swift in Sources */ = {isa = PBXBuildFile; fileRef = AB36AC4B292C0E1100801F3F /* StudentCell.swift */; };
		ABA5E183292C123300F365AA /* SqliteDemo.db in Resources */ = {isa = PBXBuildFile; fileRef = ABA5E182292C123300F365AA /* SqliteDemo.db */; };
		ABA5E191292C139200F365AA /* FMDatabasePool.m in Sources */ = {isa = PBXBuildFile; fileRef = ABA5E189292C139200F365AA /* FMDatabasePool.m */; };
		ABA5E192292C139200F365AA /* FMResultSet.m in Sources */ = {isa = PBXBuildFile; fileRef = ABA5E18A292C139200F365AA /* FMResultSet.m */; };
		ABA5E193292C139200F365AA /* FMDatabaseQueue.m in Sources */ = {isa = PBXBuildFile; fileRef = ABA5E18B292C139200F365AA /* FMDatabaseQueue.m */; };
		ABA5E194292C139200F365AA /* FMDatabaseAdditions.m in Sources */ = {isa = PBXBuildFile; fileRef = ABA5E18F292C139200F365AA /* FMDatabaseAdditions.m */; };
		ABA5E195292C139200F365AA /* FMDatabase.m in Sources */ = {isa = PBXBuildFile; fileRef = ABA5E190292C139200F365AA /* FMDatabase.m */; };
		ABA5E197292C141800F365AA /* Util.swift in Sources */ = {isa = PBXBuildFile; fileRef = ABA5E196292C141800F365AA /* Util.swift */; };
		ABA5E199292C16E700F365AA /* StudentModel.swift in Sources */ = {isa = PBXBuildFile; fileRef = ABA5E198292C16E700F365AA /* StudentModel.swift */; };
		ABA5E19B292C171900F365AA /* ModelManager.swift in Sources */ = {isa = PBXBuildFile; fileRef = ABA5E19A292C171900F365AA /* ModelManager.swift */; };
/* End PBXBuildFile section */

/* Begin PBXContainerItemProxy section */
		AB36AC20292C06F600801F3F /* PBXContainerItemProxy */ = {
			isa = PBXContainerItemProxy;
			containerPortal = AB36AC01292C06F500801F3F /* Project object */;
			proxyType = 1;
			remoteGlobalIDString = AB36AC08292C06F500801F3F;
			remoteInfo = SqliteDemo;
		};
		AB36AC2A292C06F600801F3F /* PBXContainerItemProxy */ = {
			isa = PBXContainerItemProxy;
			containerPortal = AB36AC01292C06F500801F3F /* Project object */;
			proxyType = 1;
			remoteGlobalIDString = AB36AC08292C06F500801F3F;
			remoteInfo = SqliteDemo;
		};
/* End PBXContainerItemProxy section */

/* Begin PBXFileReference section */
		AB36AC09292C06F500801F3F /* SqliteDemo.app */ = {isa = PBXFileReference; explicitFileType = wrapper.application; includeInIndex = 0; path = SqliteDemo.app; sourceTree = BUILT_PRODUCTS_DIR; };
		AB36AC0C292C06F500801F3F /* AppDelegate.swift */ = {isa = PBXFileReference; lastKnownFileType = sourcecode.swift; path = AppDelegate.swift; sourceTree = "<group>"; };
		AB36AC0E292C06F500801F3F /* SceneDelegate.swift */ = {isa = PBXFileReference; lastKnownFileType = sourcecode.swift; path = SceneDelegate.swift; sourceTree = "<group>"; };
		AB36AC10292C06F500801F3F /* ViewController.swift */ = {isa = PBXFileReference; lastKnownFileType = sourcecode.swift; path = ViewController.swift; sourceTree = "<group>"; };
		AB36AC13292C06F500801F3F /* Base */ = {isa = PBXFileReference; lastKnownFileType = file.storyboard; name = Base; path = Base.lproj/Main.storyboard; sourceTree = "<group>"; };
		AB36AC15292C06F500801F3F /* Assets.xcassets */ = {isa = PBXFileReference; lastKnownFileType = folder.assetcatalog; path = Assets.xcassets; sourceTree = "<group>"; };
		AB36AC18292C06F500801F3F /* Base */ = {isa = PBXFileReference; lastKnownFileType = file.storyboard; name = Base; path = Base.lproj/LaunchScreen.storyboard; sourceTree = "<group>"; };
		AB36AC1A292C06F500801F3F /* Info.plist */ = {isa = PBXFileReference; lastKnownFileType = text.plist.xml; name = Info.plist; path = "SqliteDemo/Supporting Files/Info.plist"; sourceTree = SOURCE_ROOT; };
		AB36AC1F292C06F600801F3F /* SqliteDemoTests.xctest */ = {isa = PBXFileReference; explicitFileType = wrapper.cfbundle; includeInIndex = 0; path = SqliteDemoTests.xctest; sourceTree = BUILT_PRODUCTS_DIR; };
		AB36AC23292C06F600801F3F /* SqliteDemoTests.swift */ = {isa = PBXFileReference; lastKnownFileType = sourcecode.swift; path = SqliteDemoTests.swift; sourceTree = "<group>"; };
		AB36AC29292C06F600801F3F /* SqliteDemoUITests.xctest */ = {isa = PBXFileReference; explicitFileType = wrapper.cfbundle; includeInIndex = 0; path = SqliteDemoUITests.xctest; sourceTree = BUILT_PRODUCTS_DIR; };
		AB36AC2D292C06F600801F3F /* SqliteDemoUITests.swift */ = {isa = PBXFileReference; lastKnownFileType = sourcecode.swift; path = SqliteDemoUITests.swift; sourceTree = "<group>"; };
		AB36AC2F292C06F600801F3F /* SqliteDemoUITestsLaunchTests.swift */ = {isa = PBXFileReference; lastKnownFileType = sourcecode.swift; path = SqliteDemoUITestsLaunchTests.swift; sourceTree = "<group>"; };
		AB36AC48292C0B0800801F3F /* AddStudentViewController.swift */ = {isa = PBXFileReference; lastKnownFileType = sourcecode.swift; path = AddStudentViewController.swift; sourceTree = "<group>"; };
		AB36AC4B292C0E1100801F3F /* StudentCell.swift */ = {isa = PBXFileReference; lastKnownFileType = sourcecode.swift; path = StudentCell.swift; sourceTree = "<group>"; };
		ABA5E182292C123300F365AA /* SqliteDemo.db */ = {isa = PBXFileReference; lastKnownFileType = file; path = SqliteDemo.db; sourceTree = "<group>"; };
		ABA5E185292C139200F365AA /* SqliteDemo-Bridging-Header.h */ = {isa = PBXFileReference; lastKnownFileType = sourcecode.c.h; path = "SqliteDemo-Bridging-Header.h"; sourceTree = "<group>"; };
		ABA5E186292C139200F365AA /* FMDatabasePool.h */ = {isa = PBXFileReference; fileEncoding = 4; lastKnownFileType = sourcecode.c.h; path = FMDatabasePool.h; sourceTree = "<group>"; };
		ABA5E187292C139200F365AA /* FMDatabaseAdditions.h */ = {isa = PBXFileReference; fileEncoding = 4; lastKnownFileType = sourcecode.c.h; path = FMDatabaseAdditions.h; sourceTree = "<group>"; };
		ABA5E188292C139200F365AA /* FMDB.h */ = {isa = PBXFileReference; fileEncoding = 4; lastKnownFileType = sourcecode.c.h; path = FMDB.h; sourceTree = "<group>"; };
		ABA5E189292C139200F365AA /* FMDatabasePool.m */ = {isa = PBXFileReference; fileEncoding = 4; lastKnownFileType = sourcecode.c.objc; path = FMDatabasePool.m; sourceTree = "<group>"; };
		ABA5E18A292C139200F365AA /* FMResultSet.m */ = {isa = PBXFileReference; fileEncoding = 4; lastKnownFileType = sourcecode.c.objc; path = FMResultSet.m; sourceTree = "<group>"; };
		ABA5E18B292C139200F365AA /* FMDatabaseQueue.m */ = {isa = PBXFileReference; fileEncoding = 4; lastKnownFileType = sourcecode.c.objc; path = FMDatabaseQueue.m; sourceTree = "<group>"; };
		ABA5E18C292C139200F365AA /* FMDatabaseQueue.h */ = {isa = PBXFileReference; fileEncoding = 4; lastKnownFileType = sourcecode.c.h; path = FMDatabaseQueue.h; sourceTree = "<group>"; };
		ABA5E18D292C139200F365AA /* FMResultSet.h */ = {isa = PBXFileReference; fileEncoding = 4; lastKnownFileType = sourcecode.c.h; path = FMResultSet.h; sourceTree = "<group>"; };
		ABA5E18E292C139200F365AA /* FMDatabase.h */ = {isa = PBXFileReference; fileEncoding = 4; lastKnownFileType = sourcecode.c.h; path = FMDatabase.h; sourceTree = "<group>"; };
		ABA5E18F292C139200F365AA /* FMDatabaseAdditions.m */ = {isa = PBXFileReference; fileEncoding = 4; lastKnownFileType = sourcecode.c.objc; path = FMDatabaseAdditions.m; sourceTree = "<group>"; };
		ABA5E190292C139200F365AA /* FMDatabase.m */ = {isa = PBXFileReference; fileEncoding = 4; lastKnownFileType = sourcecode.c.objc; path = FMDatabase.m; sourceTree = "<group>"; };
		ABA5E196292C141800F365AA /* Util.swift */ = {isa = PBXFileReference; lastKnownFileType = sourcecode.swift; path = Util.swift; sourceTree = "<group>"; };
		ABA5E198292C16E700F365AA /* StudentModel.swift */ = {isa = PBXFileReference; lastKnownFileType = sourcecode.swift; path = StudentModel.swift; sourceTree = "<group>"; };
		ABA5E19A292C171900F365AA /* ModelManager.swift */ = {isa = PBXFileReference; lastKnownFileType = sourcecode.swift; path = ModelManager.swift; sourceTree = "<group>"; };
/* End PBXFileReference section */

/* Begin PBXFrameworksBuildPhase section */
		AB36AC06292C06F500801F3F /* Frameworks */ = {
			isa = PBXFrameworksBuildPhase;
			buildActionMask = 2147483647;
			files = (
			);
			runOnlyForDeploymentPostprocessing = 0;
		};
		AB36AC1C292C06F600801F3F /* Frameworks */ = {
			isa = PBXFrameworksBuildPhase;
			buildActionMask = 2147483647;
			files = (
			);
			runOnlyForDeploymentPostprocessing = 0;
		};
		AB36AC26292C06F600801F3F /* Frameworks */ = {
			isa = PBXFrameworksBuildPhase;
			buildActionMask = 2147483647;
			files = (
			);
			runOnlyForDeploymentPostprocessing = 0;
		};
/* End PBXFrameworksBuildPhase section */

/* Begin PBXGroup section */
		AB36AC00292C06F500801F3F = {
			isa = PBXGroup;
			children = (
				AB36AC0B292C06F500801F3F /* SqliteDemo */,
				AB36AC22292C06F600801F3F /* SqliteDemoTests */,
				AB36AC2C292C06F600801F3F /* SqliteDemoUITests */,
				AB36AC0A292C06F500801F3F /* Products */,
			);
			sourceTree = "<group>";
		};
		AB36AC0A292C06F500801F3F /* Products */ = {
			isa = PBXGroup;
			children = (
				AB36AC09292C06F500801F3F /* SqliteDemo.app */,
				AB36AC1F292C06F600801F3F /* SqliteDemoTests.xctest */,
				AB36AC29292C06F600801F3F /* SqliteDemoUITests.xctest */,
			);
			name = Products;
			sourceTree = "<group>";
		};
		AB36AC0B292C06F500801F3F /* SqliteDemo */ = {
			isa = PBXGroup;
			children = (
				AB36AC3F292C079C00801F3F /* Supporting Files */,
				AB36AC3E292C079500801F3F /* Model */,
				AB36AC3D292C078F00801F3F /* View */,
				AB36AC3C292C078800801F3F /* Controller */,
				AB36AC40292C07A500801F3F /* Helper */,
			);
			path = SqliteDemo;
			sourceTree = "<group>";
		};
		AB36AC22292C06F600801F3F /* SqliteDemoTests */ = {
			isa = PBXGroup;
			children = (
				AB36AC23292C06F600801F3F /* SqliteDemoTests.swift */,
			);
			path = SqliteDemoTests;
			sourceTree = "<group>";
		};
		AB36AC2C292C06F600801F3F /* SqliteDemoUITests */ = {
			isa = PBXGroup;
			children = (
				AB36AC2D292C06F600801F3F /* SqliteDemoUITests.swift */,
				AB36AC2F292C06F600801F3F /* SqliteDemoUITestsLaunchTests.swift */,
			);
			path = SqliteDemoUITests;
			sourceTree = "<group>";
		};
		AB36AC3C292C078800801F3F /* Controller */ = {
			isa = PBXGroup;
			children = (
				AB36AC10292C06F500801F3F /* ViewController.swift */,
				AB36AC48292C0B0800801F3F /* AddStudentViewController.swift */,
			);
			path = Controller;
			sourceTree = "<group>";
		};
		AB36AC3D292C078F00801F3F /* View */ = {
			isa = PBXGroup;
			children = (
				AB36AC4A292C0DE500801F3F /* Cell */,
				AB36AC41292C07BA00801F3F /* Storyboard */,
			);
			path = View;
			sourceTree = "<group>";
		};
		AB36AC3E292C079500801F3F /* Model */ = {
			isa = PBXGroup;
			children = (
				ABA5E182292C123300F365AA /* SqliteDemo.db */,
				ABA5E196292C141800F365AA /* Util.swift */,
				ABA5E198292C16E700F365AA /* StudentModel.swift */,
				ABA5E19A292C171900F365AA /* ModelManager.swift */,
			);
			path = Model;
			sourceTree = "<group>";
		};
		AB36AC3F292C079C00801F3F /* Supporting Files */ = {
			isa = PBXGroup;
			children = (
				AB36AC0C292C06F500801F3F /* AppDelegate.swift */,
				AB36AC0E292C06F500801F3F /* SceneDelegate.swift */,
				AB36AC15292C06F500801F3F /* Assets.xcassets */,
				AB36AC1A292C06F500801F3F /* Info.plist */,
			);
			path = "Supporting Files";
			sourceTree = "<group>";
		};
		AB36AC40292C07A500801F3F /* Helper */ = {
			isa = PBXGroup;
			children = (
				ABA5E184292C136800F365AA /* FMDB */,
			);
			path = Helper;
			sourceTree = "<group>";
		};
		AB36AC41292C07BA00801F3F /* Storyboard */ = {
			isa = PBXGroup;
			children = (
				AB36AC12292C06F500801F3F /* Main.storyboard */,
				AB36AC17292C06F500801F3F /* LaunchScreen.storyboard */,
			);
			path = Storyboard;
			sourceTree = "<group>";
		};
		AB36AC4A292C0DE500801F3F /* Cell */ = {
			isa = PBXGroup;
			children = (
				AB36AC4B292C0E1100801F3F /* StudentCell.swift */,
			);
			path = Cell;
			sourceTree = "<group>";
		};
		ABA5E184292C136800F365AA /* FMDB */ = {
			isa = PBXGroup;
			children = (
				ABA5E18E292C139200F365AA /* FMDatabase.h */,
				ABA5E190292C139200F365AA /* FMDatabase.m */,
				ABA5E187292C139200F365AA /* FMDatabaseAdditions.h */,
				ABA5E18F292C139200F365AA /* FMDatabaseAdditions.m */,
				ABA5E186292C139200F365AA /* FMDatabasePool.h */,
				ABA5E189292C139200F365AA /* FMDatabasePool.m */,
				ABA5E18C292C139200F365AA /* FMDatabaseQueue.h */,
				ABA5E18B292C139200F365AA /* FMDatabaseQueue.m */,
				ABA5E188292C139200F365AA /* FMDB.h */,
				ABA5E18D292C139200F365AA /* FMResultSet.h */,
				ABA5E18A292C139200F365AA /* FMResultSet.m */,
				ABA5E185292C139200F365AA /* SqliteDemo-Bridging-Header.h */,
			);
			path = FMDB;
			sourceTree = "<group>";
		};
/* End PBXGroup section */

/* Begin PBXNativeTarget section */
		AB36AC08292C06F500801F3F /* SqliteDemo */ = {
			isa = PBXNativeTarget;
			buildConfigurationList = AB36AC33292C06F600801F3F /* Build configuration list for PBXNativeTarget "SqliteDemo" */;
			buildPhases = (
				AB36AC05292C06F500801F3F /* Sources */,
				AB36AC06292C06F500801F3F /* Frameworks */,
				AB36AC07292C06F500801F3F /* Resources */,
			);
			buildRules = (
			);
			dependencies = (
			);
			name = SqliteDemo;
			productName = SqliteDemo;
			productReference = AB36AC09292C06F500801F3F /* SqliteDemo.app */;
			productType = "com.apple.product-type.application";
		};
		AB36AC1E292C06F600801F3F /* SqliteDemoTests */ = {
			isa = PBXNativeTarget;
			buildConfigurationList = AB36AC36292C06F600801F3F /* Build configuration list for PBXNativeTarget "SqliteDemoTests" */;
			buildPhases = (
				AB36AC1B292C06F600801F3F /* Sources */,
				AB36AC1C292C06F600801F3F /* Frameworks */,
				AB36AC1D292C06F600801F3F /* Resources */,
			);
			buildRules = (
			);
			dependencies = (
				AB36AC21292C06F600801F3F /* PBXTargetDependency */,
			);
			name = SqliteDemoTests;
			productName = SqliteDemoTests;
			productReference = AB36AC1F292C06F600801F3F /* SqliteDemoTests.xctest */;
			productType = "com.apple.product-type.bundle.unit-test";
		};
		AB36AC28292C06F600801F3F /* SqliteDemoUITests */ = {
			isa = PBXNativeTarget;
			buildConfigurationList = AB36AC39292C06F600801F3F /* Build configuration list for PBXNativeTarget "SqliteDemoUITests" */;
			buildPhases = (
				AB36AC25292C06F600801F3F /* Sources */,
				AB36AC26292C06F600801F3F /* Frameworks */,
				AB36AC27292C06F600801F3F /* Resources */,
			);
			buildRules = (
			);
			dependencies = (
				AB36AC2B292C06F600801F3F /* PBXTargetDependency */,
			);
			name = SqliteDemoUITests;
			productName = SqliteDemoUITests;
			productReference = AB36AC29292C06F600801F3F /* SqliteDemoUITests.xctest */;
			productType = "com.apple.product-type.bundle.ui-testing";
		};
/* End PBXNativeTarget section */

/* Begin PBXProject section */
		AB36AC01292C06F500801F3F /* Project object */ = {
			isa = PBXProject;
			attributes = {
				BuildIndependentTargetsInParallel = 1;
				LastSwiftUpdateCheck = 1410;
				LastUpgradeCheck = 1410;
				TargetAttributes = {
					AB36AC08292C06F500801F3F = {
						CreatedOnToolsVersion = 14.1;
						LastSwiftMigration = 1410;
					};
					AB36AC1E292C06F600801F3F = {
						CreatedOnToolsVersion = 14.1;
						TestTargetID = AB36AC08292C06F500801F3F;
					};
					AB36AC28292C06F600801F3F = {
						CreatedOnToolsVersion = 14.1;
						TestTargetID = AB36AC08292C06F500801F3F;
					};
				};
			};
			buildConfigurationList = AB36AC04292C06F500801F3F /* Build configuration list for PBXProject "SqliteDemo" */;
			compatibilityVersion = "Xcode 14.0";
			developmentRegion = en;
			hasScannedForEncodings = 0;
			knownRegions = (
				en,
				Base,
			);
			mainGroup = AB36AC00292C06F500801F3F;
			productRefGroup = AB36AC0A292C06F500801F3F /* Products */;
			projectDirPath = "";
			projectRoot = "";
			targets = (
				AB36AC08292C06F500801F3F /* SqliteDemo */,
				AB36AC1E292C06F600801F3F /* SqliteDemoTests */,
				AB36AC28292C06F600801F3F /* SqliteDemoUITests */,
			);
		};
/* End PBXProject section */

/* Begin PBXResourcesBuildPhase section */
		AB36AC07292C06F500801F3F /* Resources */ = {
			isa = PBXResourcesBuildPhase;
			buildActionMask = 2147483647;
			files = (
				ABA5E183292C123300F365AA /* SqliteDemo.db in Resources */,
				AB36AC19292C06F500801F3F /* LaunchScreen.storyboard in Resources */,
				AB36AC16292C06F500801F3F /* Assets.xcassets in Resources */,
				AB36AC14292C06F500801F3F /* Main.storyboard in Resources */,
			);
			runOnlyForDeploymentPostprocessing = 0;
		};
		AB36AC1D292C06F600801F3F /* Resources */ = {
			isa = PBXResourcesBuildPhase;
			buildActionMask = 2147483647;
			files = (
			);
			runOnlyForDeploymentPostprocessing = 0;
		};
		AB36AC27292C06F600801F3F /* Resources */ = {
			isa = PBXResourcesBuildPhase;
			buildActionMask = 2147483647;
			files = (
			);
			runOnlyForDeploymentPostprocessing = 0;
		};
/* End PBXResourcesBuildPhase section */

/* Begin PBXSourcesBuildPhase section */
		AB36AC05292C06F500801F3F /* Sources */ = {
			isa = PBXSourcesBuildPhase;
			buildActionMask = 2147483647;
			files = (
				ABA5E197292C141800F365AA /* Util.swift in Sources */,
				ABA5E199292C16E700F365AA /* StudentModel.swift in Sources */,
				AB36AC4C292C0E1100801F3F /* StudentCell.swift in Sources */,
				ABA5E193292C139200F365AA /* FMDatabaseQueue.m in Sources */,
				ABA5E191292C139200F365AA /* FMDatabasePool.m in Sources */,
				ABA5E195292C139200F365AA /* FMDatabase.m in Sources */,
				ABA5E192292C139200F365AA /* FMResultSet.m in Sources */,
				AB36AC49292C0B0800801F3F /* AddStudentViewController.swift in Sources */,
				ABA5E19B292C171900F365AA /* ModelManager.swift in Sources */,
				ABA5E194292C139200F365AA /* FMDatabaseAdditions.m in Sources */,
				AB36AC11292C06F500801F3F /* ViewController.swift in Sources */,
				AB36AC0D292C06F500801F3F /* AppDelegate.swift in Sources */,
				AB36AC0F292C06F500801F3F /* SceneDelegate.swift in Sources */,
			);
			runOnlyForDeploymentPostprocessing = 0;
		};
		AB36AC1B292C06F600801F3F /* Sources */ = {
			isa = PBXSourcesBuildPhase;
			buildActionMask = 2147483647;
			files = (
				AB36AC24292C06F600801F3F /* SqliteDemoTests.swift in Sources */,
			);
			runOnlyForDeploymentPostprocessing = 0;
		};
		AB36AC25292C06F600801F3F /* Sources */ = {
			isa = PBXSourcesBuildPhase;
			buildActionMask = 2147483647;
			files = (
				AB36AC2E292C06F600801F3F /* SqliteDemoUITests.swift in Sources */,
				AB36AC30292C06F600801F3F /* SqliteDemoUITestsLaunchTests.swift in Sources */,
			);
			runOnlyForDeploymentPostprocessing = 0;
		};
/* End PBXSourcesBuildPhase section */

/* Begin PBXTargetDependency section */
		AB36AC21292C06F600801F3F /* PBXTargetDependency */ = {
			isa = PBXTargetDependency;
			target = AB36AC08292C06F500801F3F /* SqliteDemo */;
			targetProxy = AB36AC20292C06F600801F3F /* PBXContainerItemProxy */;
		};
		AB36AC2B292C06F600801F3F /* PBXTargetDependency */ = {
			isa = PBXTargetDependency;
			target = AB36AC08292C06F500801F3F /* SqliteDemo */;
			targetProxy = AB36AC2A292C06F600801F3F /* PBXContainerItemProxy */;
		};
/* End PBXTargetDependency section */

/* Begin PBXVariantGroup section */
		AB36AC12292C06F500801F3F /* Main.storyboard */ = {
			isa = PBXVariantGroup;
			children = (
				AB36AC13292C06F500801F3F /* Base */,
			);
			name = Main.storyboard;
			sourceTree = "<group>";
		};
		AB36AC17292C06F500801F3F /* LaunchScreen.storyboard */ = {
			isa = PBXVariantGroup;
			children = (
				AB36AC18292C06F500801F3F /* Base */,
			);
			name = LaunchScreen.storyboard;
			sourceTree = "<group>";
		};
/* End PBXVariantGroup section */

/* Begin XCBuildConfiguration section */
		AB36AC31292C06F600801F3F /* Debug */ = {
			isa = XCBuildConfiguration;
			buildSettings = {
				ALWAYS_SEARCH_USER_PATHS = NO;
				CLANG_ANALYZER_NONNULL = YES;
				CLANG_ANALYZER_NUMBER_OBJECT_CONVERSION = YES_AGGRESSIVE;
				CLANG_CXX_LANGUAGE_STANDARD = "gnu++20";
				CLANG_ENABLE_MODULES = YES;
				CLANG_ENABLE_OBJC_ARC = YES;
				CLANG_ENABLE_OBJC_WEAK = YES;
				CLANG_WARN_BLOCK_CAPTURE_AUTORELEASING = YES;
				CLANG_WARN_BOOL_CONVERSION = YES;
				CLANG_WARN_COMMA = YES;
				CLANG_WARN_CONSTANT_CONVERSION = YES;
				CLANG_WARN_DEPRECATED_OBJC_IMPLEMENTATIONS = YES;
				CLANG_WARN_DIRECT_OBJC_ISA_USAGE = YES_ERROR;
				CLANG_WARN_DOCUMENTATION_COMMENTS = YES;
				CLANG_WARN_EMPTY_BODY = YES;
				CLANG_WARN_ENUM_CONVERSION = YES;
				CLANG_WARN_INFINITE_RECURSION = YES;
				CLANG_WARN_INT_CONVERSION = YES;
				CLANG_WARN_NON_LITERAL_NULL_CONVERSION = YES;
				CLANG_WARN_OBJC_IMPLICIT_RETAIN_SELF = YES;
				CLANG_WARN_OBJC_LITERAL_CONVERSION = YES;
				CLANG_WARN_OBJC_ROOT_CLASS = YES_ERROR;
				CLANG_WARN_QUOTED_INCLUDE_IN_FRAMEWORK_HEADER = YES;
				CLANG_WARN_RANGE_LOOP_ANALYSIS = YES;
				CLANG_WARN_STRICT_PROTOTYPES = YES;
				CLANG_WARN_SUSPICIOUS_MOVE = YES;
				CLANG_WARN_UNGUARDED_AVAILABILITY = YES_AGGRESSIVE;
				CLANG_WARN_UNREACHABLE_CODE = YES;
				CLANG_WARN__DUPLICATE_METHOD_MATCH = YES;
				COPY_PHASE_STRIP = NO;
				DEBUG_INFORMATION_FORMAT = dwarf;
				ENABLE_STRICT_OBJC_MSGSEND = YES;
				ENABLE_TESTABILITY = YES;
				GCC_C_LANGUAGE_STANDARD = gnu11;
				GCC_DYNAMIC_NO_PIC = NO;
				GCC_NO_COMMON_BLOCKS = YES;
				GCC_OPTIMIZATION_LEVEL = 0;
				GCC_PREPROCESSOR_DEFINITIONS = (
					"DEBUG=1",
					"$(inherited)",
				);
				GCC_WARN_64_TO_32_BIT_CONVERSION = YES;
				GCC_WARN_ABOUT_RETURN_TYPE = YES_ERROR;
				GCC_WARN_UNDECLARED_SELECTOR = YES;
				GCC_WARN_UNINITIALIZED_AUTOS = YES_AGGRESSIVE;
				GCC_WARN_UNUSED_FUNCTION = YES;
				GCC_WARN_UNUSED_VARIABLE = YES;
				IPHONEOS_DEPLOYMENT_TARGET = 16.1;
				MTL_ENABLE_DEBUG_INFO = INCLUDE_SOURCE;
				MTL_FAST_MATH = YES;
				ONLY_ACTIVE_ARCH = YES;
				SDKROOT = iphoneos;
				SWIFT_ACTIVE_COMPILATION_CONDITIONS = DEBUG;
				SWIFT_OPTIMIZATION_LEVEL = "-Onone";
			};
			name = Debug;
		};
		AB36AC32292C06F600801F3F /* Release */ = {
			isa = XCBuildConfiguration;
			buildSettings = {
				ALWAYS_SEARCH_USER_PATHS = NO;
				CLANG_ANALYZER_NONNULL = YES;
				CLANG_ANALYZER_NUMBER_OBJECT_CONVERSION = YES_AGGRESSIVE;
				CLANG_CXX_LANGUAGE_STANDARD = "gnu++20";
				CLANG_ENABLE_MODULES = YES;
				CLANG_ENABLE_OBJC_ARC = YES;
				CLANG_ENABLE_OBJC_WEAK = YES;
				CLANG_WARN_BLOCK_CAPTURE_AUTORELEASING = YES;
				CLANG_WARN_BOOL_CONVERSION = YES;
				CLANG_WARN_COMMA = YES;
				CLANG_WARN_CONSTANT_CONVERSION = YES;
				CLANG_WARN_DEPRECATED_OBJC_IMPLEMENTATIONS = YES;
				CLANG_WARN_DIRECT_OBJC_ISA_USAGE = YES_ERROR;
				CLANG_WARN_DOCUMENTATION_COMMENTS = YES;
				CLANG_WARN_EMPTY_BODY = YES;
				CLANG_WARN_ENUM_CONVERSION = YES;
				CLANG_WARN_INFINITE_RECURSION = YES;
				CLANG_WARN_INT_CONVERSION = YES;
				CLANG_WARN_NON_LITERAL_NULL_CONVERSION = YES;
				CLANG_WARN_OBJC_IMPLICIT_RETAIN_SELF = YES;
				CLANG_WARN_OBJC_LITERAL_CONVERSION = YES;
				CLANG_WARN_OBJC_ROOT_CLASS = YES_ERROR;
				CLANG_WARN_QUOTED_INCLUDE_IN_FRAMEWORK_HEADER = YES;
				CLANG_WARN_RANGE_LOOP_ANALYSIS = YES;
				CLANG_WARN_STRICT_PROTOTYPES = YES;
				CLANG_WARN_SUSPICIOUS_MOVE = YES;
				CLANG_WARN_UNGUARDED_AVAILABILITY = YES_AGGRESSIVE;
				CLANG_WARN_UNREACHABLE_CODE = YES;
				CLANG_WARN__DUPLICATE_METHOD_MATCH = YES;
				COPY_PHASE_STRIP = NO;
				DEBUG_INFORMATION_FORMAT = "dwarf-with-dsym";
				ENABLE_NS_ASSERTIONS = NO;
				ENABLE_STRICT_OBJC_MSGSEND = YES;
				GCC_C_LANGUAGE_STANDARD = gnu11;
				GCC_NO_COMMON_BLOCKS = YES;
				GCC_WARN_64_TO_32_BIT_CONVERSION = YES;
				GCC_WARN_ABOUT_RETURN_TYPE = YES_ERROR;
				GCC_WARN_UNDECLARED_SELECTOR = YES;
				GCC_WARN_UNINITIALIZED_AUTOS = YES_AGGRESSIVE;
				GCC_WARN_UNUSED_FUNCTION = YES;
				GCC_WARN_UNUSED_VARIABLE = YES;
				IPHONEOS_DEPLOYMENT_TARGET = 16.1;
				MTL_ENABLE_DEBUG_INFO = NO;
				MTL_FAST_MATH = YES;
				SDKROOT = iphoneos;
				SWIFT_COMPILATION_MODE = wholemodule;
				SWIFT_OPTIMIZATION_LEVEL = "-O";
				VALIDATE_PRODUCT = YES;
			};
			name = Release;
		};
		AB36AC34292C06F600801F3F /* Debug */ = {
			isa = XCBuildConfiguration;
			buildSettings = {
				ASSETCATALOG_COMPILER_APPICON_NAME = AppIcon;
				ASSETCATALOG_COMPILER_GLOBAL_ACCENT_COLOR_NAME = AccentColor;
				CLANG_ENABLE_MODULES = YES;
				CODE_SIGN_STYLE = Automatic;
				CURRENT_PROJECT_VERSION = 1;
				DEVELOPMENT_TEAM = Y6YHXN8B7Z;
				GENERATE_INFOPLIST_FILE = YES;
				INFOPLIST_FILE = "SqliteDemo/Supporting Files/Info.plist";
				INFOPLIST_KEY_UIApplicationSupportsIndirectInputEvents = YES;
				INFOPLIST_KEY_UILaunchStoryboardName = LaunchScreen;
				INFOPLIST_KEY_UIMainStoryboardFile = Main;
				INFOPLIST_KEY_UISupportedInterfaceOrientations = UIInterfaceOrientationPortrait;
				LD_RUNPATH_SEARCH_PATHS = (
					"$(inherited)",
					"@executable_path/Frameworks",
				);
				MARKETING_VERSION = 1.0;
				PRODUCT_BUNDLE_IDENTIFIER = hannarong.tonkra.SqliteDemo;
				PRODUCT_NAME = "$(TARGET_NAME)";
				SWIFT_EMIT_LOC_STRINGS = YES;
				SWIFT_OBJC_BRIDGING_HEADER = "SqliteDemo/Helper/FMDB/SqliteDemo-Bridging-Header.h";
				SWIFT_OPTIMIZATION_LEVEL = "-Onone";
				SWIFT_VERSION = 5.0;
				TARGETED_DEVICE_FAMILY = 1;
			};
			name = Debug;
		};
		AB36AC35292C06F600801F3F /* Release */ = {
			isa = XCBuildConfiguration;
			buildSettings = {
				ASSETCATALOG_COMPILER_APPICON_NAME = AppIcon;
				ASSETCATALOG_COMPILER_GLOBAL_ACCENT_COLOR_NAME = AccentColor;
				CLANG_ENABLE_MODULES = YES;
				CODE_SIGN_STYLE = Automatic;
				CURRENT_PROJECT_VERSION = 1;
				DEVELOPMENT_TEAM = Y6YHXN8B7Z;
				GENERATE_INFOPLIST_FILE = YES;
				INFOPLIST_FILE = "SqliteDemo/Supporting Files/Info.plist";
				INFOPLIST_KEY_UIApplicationSupportsIndirectInputEvents = YES;
				INFOPLIST_KEY_UILaunchStoryboardName = LaunchScreen;
				INFOPLIST_KEY_UIMainStoryboardFile = Main;
				INFOPLIST_KEY_UISupportedInterfaceOrientations = UIInterfaceOrientationPortrait;
				LD_RUNPATH_SEARCH_PATHS = (
					"$(inherited)",
					"@executable_path/Frameworks",
				);
				MARKETING_VERSION = 1.0;
				PRODUCT_BUNDLE_IDENTIFIER = hannarong.tonkra.SqliteDemo;
				PRODUCT_NAME = "$(TARGET_NAME)";
				SWIFT_EMIT_LOC_STRINGS = YES;
				SWIFT_OBJC_BRIDGING_HEADER = "SqliteDemo/Helper/FMDB/SqliteDemo-Bridging-Header.h";
				SWIFT_VERSION = 5.0;
				TARGETED_DEVICE_FAMILY = 1;
			};
			name = Release;
		};
		AB36AC37292C06F600801F3F /* Debug */ = {
			isa = XCBuildConfiguration;
			buildSettings = {
				ALWAYS_EMBED_SWIFT_STANDARD_LIBRARIES = YES;
				BUNDLE_LOADER = "$(TEST_HOST)";
				CODE_SIGN_STYLE = Automatic;
				CURRENT_PROJECT_VERSION = 1;
				DEVELOPMENT_TEAM = Y6YHXN8B7Z;
				GENERATE_INFOPLIST_FILE = YES;
				IPHONEOS_DEPLOYMENT_TARGET = 16.1;
				MARKETING_VERSION = 1.0;
				PRODUCT_BUNDLE_IDENTIFIER = hannarong.tonkra.SqliteDemoTests;
				PRODUCT_NAME = "$(TARGET_NAME)";
				SWIFT_EMIT_LOC_STRINGS = NO;
				SWIFT_VERSION = 5.0;
				TARGETED_DEVICE_FAMILY = "1,2";
				TEST_HOST = "$(BUILT_PRODUCTS_DIR)/SqliteDemo.app/$(BUNDLE_EXECUTABLE_FOLDER_PATH)/SqliteDemo";
			};
			name = Debug;
		};
		AB36AC38292C06F600801F3F /* Release */ = {
			isa = XCBuildConfiguration;
			buildSettings = {
				ALWAYS_EMBED_SWIFT_STANDARD_LIBRARIES = YES;
				BUNDLE_LOADER = "$(TEST_HOST)";
				CODE_SIGN_STYLE = Automatic;
				CURRENT_PROJECT_VERSION = 1;
				DEVELOPMENT_TEAM = Y6YHXN8B7Z;
				GENERATE_INFOPLIST_FILE = YES;
				IPHONEOS_DEPLOYMENT_TARGET = 16.1;
				MARKETING_VERSION = 1.0;
				PRODUCT_BUNDLE_IDENTIFIER = hannarong.tonkra.SqliteDemoTests;
				PRODUCT_NAME = "$(TARGET_NAME)";
				SWIFT_EMIT_LOC_STRINGS = NO;
				SWIFT_VERSION = 5.0;
				TARGETED_DEVICE_FAMILY = "1,2";
				TEST_HOST = "$(BUILT_PRODUCTS_DIR)/SqliteDemo.app/$(BUNDLE_EXECUTABLE_FOLDER_PATH)/SqliteDemo";
			};
			name = Release;
		};
		AB36AC3A292C06F600801F3F /* Debug */ = {
			isa = XCBuildConfiguration;
			buildSettings = {
				ALWAYS_EMBED_SWIFT_STANDARD_LIBRARIES = YES;
				CODE_SIGN_STYLE = Automatic;
				CURRENT_PROJECT_VERSION = 1;
				DEVELOPMENT_TEAM = Y6YHXN8B7Z;
				GENERATE_INFOPLIST_FILE = YES;
				MARKETING_VERSION = 1.0;
				PRODUCT_BUNDLE_IDENTIFIER = hannarong.tonkra.SqliteDemoUITests;
				PRODUCT_NAME = "$(TARGET_NAME)";
				SWIFT_EMIT_LOC_STRINGS = NO;
				SWIFT_VERSION = 5.0;
				TARGETED_DEVICE_FAMILY = "1,2";
				TEST_TARGET_NAME = SqliteDemo;
			};
			name = Debug;
		};
		AB36AC3B292C06F600801F3F /* Release */ = {
			isa = XCBuildConfiguration;
			buildSettings = {
				ALWAYS_EMBED_SWIFT_STANDARD_LIBRARIES = YES;
				CODE_SIGN_STYLE = Automatic;
				CURRENT_PROJECT_VERSION = 1;
				DEVELOPMENT_TEAM = Y6YHXN8B7Z;
				GENERATE_INFOPLIST_FILE = YES;
				MARKETING_VERSION = 1.0;
				PRODUCT_BUNDLE_IDENTIFIER = hannarong.tonkra.SqliteDemoUITests;
				PRODUCT_NAME = "$(TARGET_NAME)";
				SWIFT_EMIT_LOC_STRINGS = NO;
				SWIFT_VERSION = 5.0;
				TARGETED_DEVICE_FAMILY = "1,2";
				TEST_TARGET_NAME = SqliteDemo;
			};
			name = Release;
		};
/* End XCBuildConfiguration section */

/* Begin XCConfigurationList section */
		AB36AC04292C06F500801F3F /* Build configuration list for PBXProject "SqliteDemo" */ = {
			isa = XCConfigurationList;
			buildConfigurations = (
				AB36AC31292C06F600801F3F /* Debug */,
				AB36AC32292C06F600801F3F /* Release */,
			);
			defaultConfigurationIsVisible = 0;
			defaultConfigurationName = Release;
		};
		AB36AC33292C06F600801F3F /* Build configuration list for PBXNativeTarget "SqliteDemo" */ = {
			isa = XCConfigurationList;
			buildConfigurations = (
				AB36AC34292C06F600801F3F /* Debug */,
				AB36AC35292C06F600801F3F /* Release */,
			);
			defaultConfigurationIsVisible = 0;
			defaultConfigurationName = Release;
		};
		AB36AC36292C06F600801F3F /* Build configuration list for PBXNativeTarget "SqliteDemoTests" */ = {
			isa = XCConfigurationList;
			buildConfigurations = (
				AB36AC37292C06F600801F3F /* Debug */,
				AB36AC38292C06F600801F3F /* Release */,
			);
			defaultConfigurationIsVisible = 0;
			defaultConfigurationName = Release;
		};
		AB36AC39292C06F600801F3F /* Build configuration list for PBXNativeTarget "SqliteDemoUITests" */ = {
			isa = XCConfigurationList;
			buildConfigurations = (
				AB36AC3A292C06F600801F3F /* Debug */,
				AB36AC3B292C06F600801F3F /* Release */,
			);
			defaultConfigurationIsVisible = 0;
			defaultConfigurationName = Release;
		};
/* End XCConfigurationList section */
	};
	rootObject = AB36AC01292C06F500801F3F /* Project object */;
}
